{
  "meteor": {},
  "dependencies": {
    "basePackages": {
      "leaflet": {},
      "collection-api": {}
    },
    "packages": {
      "leaflet": {
        "git": "https://github.com/bevanhunt/meteor-leaflet.git",
        "tag": "v0.3.8",
        "commit": "84caaa2e8aac1c7f7b585a6b64163a1de406add4"
      },
      "collection-api": {
        "git": "https://github.com/crazytoad/meteor-collectionapi.git",
        "tag": "v0.1.15",
        "commit": "b62c51f387287726cf3b64077f7bc69604ec2f5e"
      }
    }
  }
}
